// !$*UTF8*$!
{
	archiveVersion = 1;
	classes = {
	};
	objectVersion = 77;
	objects = {

/* Begin PBXContainerItemProxy section */
		04BC61142DCE826C00FB733C /* PBXContainerItemProxy */ = {
			isa = PBXContainerItemProxy;
			containerPortal = 04BC60F52DCE826700FB733C /* Project object */;
			proxyType = 1;
			remoteGlobalIDString = 04BC60FC2DCE826700FB733C;
			remoteInfo = GitHubRepositories;
		};
		04BC611E2DCE826C00FB733C /* PBXContainerItemProxy */ = {
			isa = PBXContainerItemProxy;
			containerPortal = 04BC60F52DCE826700FB733C /* Project object */;
			proxyType = 1;
			remoteGlobalIDString = 04BC60FC2DCE826700FB733C;
			remoteInfo = GitHubRepositories;
		};
/* End PBXContainerItemProxy section */

/* Begin PBXFileReference section */
		04BC60FD2DCE826700FB733C /* GitHubRepositories.app */ = {isa = PBXFileReference; explicitFileType = wrapper.application; includeInIndex = 0; path = GitHubRepositories.app; sourceTree = BUILT_PRODUCTS_DIR; };
		04BC61132DCE826C00FB733C /* GitHubRepositoriesTests.xctest */ = {isa = PBXFileReference; explicitFileType = wrapper.cfbundle; includeInIndex = 0; path = GitHubRepositoriesTests.xctest; sourceTree = BUILT_PRODUCTS_DIR; };
		04BC611D2DCE826C00FB733C /* GitHubRepositoriesUITests.xctest */ = {isa = PBXFileReference; explicitFileType = wrapper.cfbundle; includeInIndex = 0; path = GitHubRepositoriesUITests.xctest; sourceTree = BUILT_PRODUCTS_DIR; };
/* End PBXFileReference section */

/* Begin PBXFileSystemSynchronizedBuildFileExceptionSet section */
		04BC61252DCE826C00FB733C /* Exceptions for "GitHubRepositories" folder in "GitHubRepositories" target */ = {
			isa = PBXFileSystemSynchronizedBuildFileExceptionSet;
			membershipExceptions = (
				Info.plist,
			);
			target = 04BC60FC2DCE826700FB733C /* GitHubRepositories */;
		};
/* End PBXFileSystemSynchronizedBuildFileExceptionSet section */

/* Begin PBXFileSystemSynchronizedRootGroup section */
		04BC60FF2DCE826700FB733C /* GitHubRepositories */ = {
			isa = PBXFileSystemSynchronizedRootGroup;
			exceptions = (
				04BC61252DCE826C00FB733C /* Exceptions for "GitHubRepositories" folder in "GitHubRepositories" target */,
			);
			path = GitHubRepositories;
			sourceTree = "<group>";
		};
		04BC61162DCE826C00FB733C /* GitHubRepositoriesTests */ = {
			isa = PBXFileSystemSynchronizedRootGroup;
			path = GitHubRepositoriesTests;
			sourceTree = "<group>";
		};
		04BC61202DCE826C00FB733C /* GitHubRepositoriesUITests */ = {
			isa = PBXFileSystemSynchronizedRootGroup;
			path = GitHubRepositoriesUITests;
			sourceTree = "<group>";
		};
/* End PBXFileSystemSynchronizedRootGroup section */

/* Begin PBXFrameworksBuildPhase section */
		04BC60FA2DCE826700FB733C /* Frameworks */ = {
			isa = PBXFrameworksBuildPhase;
			buildActionMask = 2147483647;
			files = (
			);
			runOnlyForDeploymentPostprocessing = 0;
		};
		04BC61102DCE826C00FB733C /* Frameworks */ = {
			isa = PBXFrameworksBuildPhase;
			buildActionMask = 2147483647;
			files = (
			);
			runOnlyForDeploymentPostprocessing = 0;
		};
		04BC611A2DCE826C00FB733C /* Frameworks */ = {
			isa = PBXFrameworksBuildPhase;
			buildActionMask = 2147483647;
			files = (
			);
			runOnlyForDeploymentPostprocessing = 0;
		};
/* End PBXFrameworksBuildPhase section */

/* Begin PBXGroup section */
		04BC60F42DCE826700FB733C = {
			isa = PBXGroup;
			children = (
				04BC60FF2DCE826700FB733C /* GitHubRepositories */,
				04BC61162DCE826C00FB733C /* GitHubRepositoriesTests */,
				04BC61202DCE826C00FB733C /* GitHubRepositoriesUITests */,
				04BC60FE2DCE826700FB733C /* Products */,
			);
			sourceTree = "<group>";
		};
		04BC60FE2DCE826700FB733C /* Products */ = {
			isa = PBXGroup;
			children = (
				04BC60FD2DCE826700FB733C /* GitHubRepositories.app */,
				04BC61132DCE826C00FB733C /* GitHubRepositoriesTests.xctest */,
				04BC611D2DCE826C00FB733C /* GitHubRepositoriesUITests.xctest */,
			);
			name = Products;
			sourceTree = "<group>";
		};
/* End PBXGroup section */

/* Begin PBXNativeTarget section */
		04BC60FC2DCE826700FB733C /* GitHubRepositories */ = {
			isa = PBXNativeTarget;
			buildConfigurationList = 04BC61262DCE826C00FB733C /* Build configuration list for PBXNativeTarget "GitHubRepositories" */;
			buildPhases = (
				04BC60F92DCE826700FB733C /* Sources */,
				04BC60FA2DCE826700FB733C /* Frameworks */,
				04BC60FB2DCE826700FB733C /* Resources */,
			);
			buildRules = (
			);
			dependencies = (
			);
			fileSystemSynchronizedGroups = (
				04BC60FF2DCE826700FB733C /* GitHubRepositories */,
			);
			name = GitHubRepositories;
			packageProductDependencies = (
			);
			productName = GitHubRepositories;
			productReference = 04BC60FD2DCE826700FB733C /* GitHubRepositories.app */;
			productType = "com.apple.product-type.application";
		};
		04BC61122DCE826C00FB733C /* GitHubRepositoriesTests */ = {
			isa = PBXNativeTarget;
			buildConfigurationList = 04BC612B2DCE826C00FB733C /* Build configuration list for PBXNativeTarget "GitHubRepositoriesTests" */;
			buildPhases = (
				04BC610F2DCE826C00FB733C /* Sources */,
				04BC61102DCE826C00FB733C /* Frameworks */,
				04BC61112DCE826C00FB733C /* Resources */,
			);
			buildRules = (
			);
			dependencies = (
				04BC61152DCE826C00FB733C /* PBXTargetDependency */,
			);
			fileSystemSynchronizedGroups = (
				04BC61162DCE826C00FB733C /* GitHubRepositoriesTests */,
			);
			name = GitHubRepositoriesTests;
			packageProductDependencies = (
			);
			productName = GitHubRepositoriesTests;
			productReference = 04BC61132DCE826C00FB733C /* GitHubRepositoriesTests.xctest */;
			productType = "com.apple.product-type.bundle.unit-test";
		};
		04BC611C2DCE826C00FB733C /* GitHubRepositoriesUITests */ = {
			isa = PBXNativeTarget;
			buildConfigurationList = 04BC612E2DCE826C00FB733C /* Build configuration list for PBXNativeTarget "GitHubRepositoriesUITests" */;
			buildPhases = (
				04BC61192DCE826C00FB733C /* Sources */,
				04BC611A2DCE826C00FB733C /* Frameworks */,
				04BC611B2DCE826C00FB733C /* Resources */,
			);
			buildRules = (
			);
			dependencies = (
				04BC611F2DCE826C00FB733C /* PBXTargetDependency */,
			);
			fileSystemSynchronizedGroups = (
				04BC61202DCE826C00FB733C /* GitHubRepositoriesUITests */,
			);
			name = GitHubRepositoriesUITests;
			packageProductDependencies = (
			);
			productName = GitHubRepositoriesUITests;
			productReference = 04BC611D2DCE826C00FB733C /* GitHubRepositoriesUITests.xctest */;
			productType = "com.apple.product-type.bundle.ui-testing";
		};
/* End PBXNativeTarget section */

/* Begin PBXProject section */
		04BC60F52DCE826700FB733C /* Project object */ = {
			isa = PBXProject;
			attributes = {
				BuildIndependentTargetsInParallel = 1;
				LastSwiftUpdateCheck = 1620;
				LastUpgradeCheck = 1620;
				TargetAttributes = {
					04BC60FC2DCE826700FB733C = {
						CreatedOnToolsVersion = 16.2;
					};
					04BC61122DCE826C00FB733C = {
						CreatedOnToolsVersion = 16.2;
						TestTargetID = 04BC60FC2DCE826700FB733C;
					};
					04BC611C2DCE826C00FB733C = {
						CreatedOnToolsVersion = 16.2;
						TestTargetID = 04BC60FC2DCE826700FB733C;
					};
				};
			};
			buildConfigurationList = 04BC60F82DCE826700FB733C /* Build configuration list for PBXProject "GitHubRepositories" */;
			developmentRegion = en;
			hasScannedForEncodings = 0;
			knownRegions = (
				en,
				Base,
			);
			mainGroup = 04BC60F42DCE826700FB733C;
			minimizedProjectReferenceProxies = 1;
			preferredProjectObjectVersion = 77;
			productRefGroup = 04BC60FE2DCE826700FB733C /* Products */;
			projectDirPath = "";
			projectRoot = "";
			targets = (
				04BC60FC2DCE826700FB733C /* GitHubRepositories */,
				04BC61122DCE826C00FB733C /* GitHubRepositoriesTests */,
				04BC611C2DCE826C00FB733C /* GitHubRepositoriesUITests */,
			);
		};
/* End PBXProject section */

/* Begin PBXResourcesBuildPhase section */
		04BC60FB2DCE826700FB733C /* Resources */ = {
			isa = PBXResourcesBuildPhase;
			buildActionMask = 2147483647;
			files = (
			);
			runOnlyForDeploymentPostprocessing = 0;
		};
		04BC61112DCE826C00FB733C /* Resources */ = {
			isa = PBXResourcesBuildPhase;
			buildActionMask = 2147483647;
			files = (
			);
			runOnlyForDeploymentPostprocessing = 0;
		};
		04BC611B2DCE826C00FB733C /* Resources */ = {
			isa = PBXResourcesBuildPhase;
			buildActionMask = 2147483647;
			files = (
			);
			runOnlyForDeploymentPostprocessing = 0;
		};
/* End PBXResourcesBuildPhase section */

/* Begin PBXSourcesBuildPhase section */
		04BC60F92DCE826700FB733C /* Sources */ = {
			isa = PBXSourcesBuildPhase;
			buildActionMask = 2147483647;
			files = (
			);
			runOnlyForDeploymentPostprocessing = 0;
		};
		04BC610F2DCE826C00FB733C /* Sources */ = {
			isa = PBXSourcesBuildPhase;
			buildActionMask = 2147483647;
			files = (
			);
			runOnlyForDeploymentPostprocessing = 0;
		};
		04BC61192DCE826C00FB733C /* Sources */ = {
			isa = PBXSourcesBuildPhase;
			buildActionMask = 2147483647;
			files = (
			);
			runOnlyForDeploymentPostprocessing = 0;
		};
/* End PBXSourcesBuildPhase section */

/* Begin PBXTargetDependency section */
		04BC61152DCE826C00FB733C /* PBXTargetDependency */ = {
			isa = PBXTargetDependency;
			target = 04BC60FC2DCE826700FB733C /* GitHubRepositories */;
			targetProxy = 04BC61142DCE826C00FB733C /* PBXContainerItemProxy */;
		};
		04BC611F2DCE826C00FB733C /* PBXTargetDependency */ = {
			isa = PBXTargetDependency;
			target = 04BC60FC2DCE826700FB733C /* GitHubRepositories */;
			targetProxy = 04BC611E2DCE826C00FB733C /* PBXContainerItemProxy */;
		};
/* End PBXTargetDependency section */

/* Begin XCBuildConfiguration section */
		04BC61272DCE826C00FB733C /* Debug */ = {
			isa = XCBuildConfiguration;
			buildSettings = {
				ASSETCATALOG_COMPILER_APPICON_NAME = AppIcon;
				ASSETCATALOG_COMPILER_GLOBAL_ACCENT_COLOR_NAME = AccentColor;
				CODE_SIGN_STYLE = Automatic;
				CURRENT_PROJECT_VERSION = 1;
				DEVELOPMENT_TEAM = 27ZPL5AFC2;
				GENERATE_INFOPLIST_FILE = YES;
				INFOPLIST_FILE = GitHubRepositories/Info.plist;
				INFOPLIST_KEY_UIApplicationSupportsIndirectInputEvents = YES;
				INFOPLIST_KEY_UILaunchStoryboardName = LaunchScreen;
				INFOPLIST_KEY_UIMainStoryboardFile = Main;
				INFOPLIST_KEY_UISupportedInterfaceOrientations_iPad = "UIInterfaceOrientationPortrait UIInterfaceOrientationPortraitUpsideDown UIInterfaceOrientationLandscapeLeft UIInterfaceOrientationLandscapeRight";
				INFOPLIST_KEY_UISupportedInterfaceOrientations_iPhone = "UIInterfaceOrientationPortrait UIInterfaceOrientationLandscapeLeft UIInterfaceOrientationLandscapeRight";
				LD_RUNPATH_SEARCH_PATHS = (
					"$(inherited)",
					"@executable_path/Frameworks",
				);
				MARKETING_VERSION = 1.0;
				PRODUCT_BUNDLE_IDENTIFIER = br.com.souza.GitHubRepositories;
				PRODUCT_NAME = "$(TARGET_NAME)";
				SWIFT_EMIT_LOC_STRINGS = YES;
				SWIFT_VERSION = 5.0;
				TARGETED_DEVICE_FAMILY = "1,2";
			};
			name = Debug;
		};
		04BC61282DCE826C00FB733C /* Release */ = {
			isa = XCBuildConfiguration;
			buildSettings = {
				ASSETCATALOG_COMPILER_APPICON_NAME = AppIcon;
				ASSETCATALOG_COMPILER_GLOBAL_ACCENT_COLOR_NAME = AccentColor;
				CODE_SIGN_STYLE = Automatic;
				CURRENT_PROJECT_VERSION = 1;
				DEVELOPMENT_TEAM = 27ZPL5AFC2;
				GENERATE_INFOPLIST_FILE = YES;
				INFOPLIST_FILE = GitHubRepositories/Info.plist;
				INFOPLIST_KEY_UIApplicationSupportsIndirectInputEvents = YES;
				INFOPLIST_KEY_UILaunchStoryboardName = LaunchScreen;
				INFOPLIST_KEY_UIMainStoryboardFile = Main;
				INFOPLIST_KEY_UISupportedInterfaceOrientations_iPad = "UIInterfaceOrientationPortrait UIInterfaceOrientationPortraitUpsideDown UIInterfaceOrientationLandscapeLeft UIInterfaceOrientationLandscapeRight";
				INFOPLIST_KEY_UISupportedInterfaceOrientations_iPhone = "UIInterfaceOrientationPortrait UIInterfaceOrientationLandscapeLeft UIInterfaceOrientationLandscapeRight";
				LD_RUNPATH_SEARCH_PATHS = (
					"$(inherited)",
					"@executable_path/Frameworks",
				);
				MARKETING_VERSION = 1.0;
				PRODUCT_BUNDLE_IDENTIFIER = br.com.souza.GitHubRepositories;
				PRODUCT_NAME = "$(TARGET_NAME)";
				SWIFT_EMIT_LOC_STRINGS = YES;
				SWIFT_VERSION = 5.0;
				TARGETED_DEVICE_FAMILY = "1,2";
			};
			name = Release;
		};
		04BC61292DCE826C00FB733C /* Debug */ = {
			isa = XCBuildConfiguration;
			buildSettings = {
				ALWAYS_SEARCH_USER_PATHS = NO;
				ASSETCATALOG_COMPILER_GENERATE_SWIFT_ASSET_SYMBOL_EXTENSIONS = YES;
				CLANG_ANALYZER_NONNULL = YES;
				CLANG_ANALYZER_NUMBER_OBJECT_CONVERSION = YES_AGGRESSIVE;
				CLANG_CXX_LANGUAGE_STANDARD = "gnu++20";
				CLANG_ENABLE_MODULES = YES;
				CLANG_ENABLE_OBJC_ARC = YES;
				CLANG_ENABLE_OBJC_WEAK = YES;
				CLANG_WARN_BLOCK_CAPTURE_AUTORELEASING = YES;
				CLANG_WARN_BOOL_CONVERSION = YES;
				CLANG_WARN_COMMA = YES;
				CLANG_WARN_CONSTANT_CONVERSION = YES;
				CLANG_WARN_DEPRECATED_OBJC_IMPLEMENTATIONS = YES;
				CLANG_WARN_DIRECT_OBJC_ISA_USAGE = YES_ERROR;
				CLANG_WARN_DOCUMENTATION_COMMENTS = YES;
				CLANG_WARN_EMPTY_BODY = YES;
				CLANG_WARN_ENUM_CONVERSION = YES;
				CLANG_WARN_INFINITE_RECURSION = YES;
				CLANG_WARN_INT_CONVERSION = YES;
				CLANG_WARN_NON_LITERAL_NULL_CONVERSION = YES;
				CLANG_WARN_OBJC_IMPLICIT_RETAIN_SELF = YES;
				CLANG_WARN_OBJC_LITERAL_CONVERSION = YES;
				CLANG_WARN_OBJC_ROOT_CLASS = YES_ERROR;
				CLANG_WARN_QUOTED_INCLUDE_IN_FRAMEWORK_HEADER = YES;
				CLANG_WARN_RANGE_LOOP_ANALYSIS = YES;
				CLANG_WARN_STRICT_PROTOTYPES = YES;
				CLANG_WARN_SUSPICIOUS_MOVE = YES;
				CLANG_WARN_UNGUARDED_AVAILABILITY = YES_AGGRESSIVE;
				CLANG_WARN_UNREACHABLE_CODE = YES;
				CLANG_WARN__DUPLICATE_METHOD_MATCH = YES;
				COPY_PHASE_STRIP = NO;
				DEBUG_INFORMATION_FORMAT = dwarf;
				ENABLE_STRICT_OBJC_MSGSEND = YES;
				ENABLE_TESTABILITY = YES;
				ENABLE_USER_SCRIPT_SANDBOXING = YES;
				GCC_C_LANGUAGE_STANDARD = gnu17;
				GCC_DYNAMIC_NO_PIC = NO;
				GCC_NO_COMMON_BLOCKS = YES;
				GCC_OPTIMIZATION_LEVEL = 0;
				GCC_PREPROCESSOR_DEFINITIONS = (
					"DEBUG=1",
					"$(inherited)",
				);
				GCC_WARN_64_TO_32_BIT_CONVERSION = YES;
				GCC_WARN_ABOUT_RETURN_TYPE = YES_ERROR;
				GCC_WARN_UNDECLARED_SELECTOR = YES;
				GCC_WARN_UNINITIALIZED_AUTOS = YES_AGGRESSIVE;
				GCC_WARN_UNUSED_FUNCTION = YES;
				GCC_WARN_UNUSED_VARIABLE = YES;
				IPHONEOS_DEPLOYMENT_TARGET = 18.2;
				LOCALIZATION_PREFERS_STRING_CATALOGS = YES;
				MTL_ENABLE_DEBUG_INFO = INCLUDE_SOURCE;
				MTL_FAST_MATH = YES;
				ONLY_ACTIVE_ARCH = YES;
				SDKROOT = iphoneos;
				SWIFT_ACTIVE_COMPILATION_CONDITIONS = "DEBUG $(inherited)";
				SWIFT_OPTIMIZATION_LEVEL = "-Onone";
			};
			name = Debug;
		};
		04BC612A2DCE826C00FB733C /* Release */ = {
			isa = XCBuildConfiguration;
			buildSettings = {
				ALWAYS_SEARCH_USER_PATHS = NO;
				ASSETCATALOG_COMPILER_GENERATE_SWIFT_ASSET_SYMBOL_EXTENSIONS = YES;
				CLANG_ANALYZER_NONNULL = YES;
				CLANG_ANALYZER_NUMBER_OBJECT_CONVERSION = YES_AGGRESSIVE;
				CLANG_CXX_LANGUAGE_STANDARD = "gnu++20";
				CLANG_ENABLE_MODULES = YES;
				CLANG_ENABLE_OBJC_ARC = YES;
				CLANG_ENABLE_OBJC_WEAK = YES;
				CLANG_WARN_BLOCK_CAPTURE_AUTORELEASING = YES;
				CLANG_WARN_BOOL_CONVERSION = YES;
				CLANG_WARN_COMMA = YES;
				CLANG_WARN_CONSTANT_CONVERSION = YES;
				CLANG_WARN_DEPRECATED_OBJC_IMPLEMENTATIONS = YES;
				CLANG_WARN_DIRECT_OBJC_ISA_USAGE = YES_ERROR;
				CLANG_WARN_DOCUMENTATION_COMMENTS = YES;
				CLANG_WARN_EMPTY_BODY = YES;
				CLANG_WARN_ENUM_CONVERSION = YES;
				CLANG_WARN_INFINITE_RECURSION = YES;
				CLANG_WARN_INT_CONVERSION = YES;
				CLANG_WARN_NON_LITERAL_NULL_CONVERSION = YES;
				CLANG_WARN_OBJC_IMPLICIT_RETAIN_SELF = YES;
				CLANG_WARN_OBJC_LITERAL_CONVERSION = YES;
				CLANG_WARN_OBJC_ROOT_CLASS = YES_ERROR;
				CLANG_WARN_QUOTED_INCLUDE_IN_FRAMEWORK_HEADER = YES;
				CLANG_WARN_RANGE_LOOP_ANALYSIS = YES;
				CLANG_WARN_STRICT_PROTOTYPES = YES;
				CLANG_WARN_SUSPICIOUS_MOVE = YES;
				CLANG_WARN_UNGUARDED_AVAILABILITY = YES_AGGRESSIVE;
				CLANG_WARN_UNREACHABLE_CODE = YES;
				CLANG_WARN__DUPLICATE_METHOD_MATCH = YES;
				COPY_PHASE_STRIP = NO;
				DEBUG_INFORMATION_FORMAT = "dwarf-with-dsym";
				ENABLE_NS_ASSERTIONS = NO;
				ENABLE_STRICT_OBJC_MSGSEND = YES;
				ENABLE_USER_SCRIPT_SANDBOXING = YES;
				GCC_C_LANGUAGE_STANDARD = gnu17;
				GCC_NO_COMMON_BLOCKS = YES;
				GCC_WARN_64_TO_32_BIT_CONVERSION = YES;
				GCC_WARN_ABOUT_RETURN_TYPE = YES_ERROR;
				GCC_WARN_UNDECLARED_SELECTOR = YES;
				GCC_WARN_UNINITIALIZED_AUTOS = YES_AGGRESSIVE;
				GCC_WARN_UNUSED_FUNCTION = YES;
				GCC_WARN_UNUSED_VARIABLE = YES;
				IPHONEOS_DEPLOYMENT_TARGET = 18.2;
				LOCALIZATION_PREFERS_STRING_CATALOGS = YES;
				MTL_ENABLE_DEBUG_INFO = NO;
				MTL_FAST_MATH = YES;
				SDKROOT = iphoneos;
				SWIFT_COMPILATION_MODE = wholemodule;
				VALIDATE_PRODUCT = YES;
			};
			name = Release;
		};
		04BC612C2DCE826C00FB733C /* Debug */ = {
			isa = XCBuildConfiguration;
			buildSettings = {
				BUNDLE_LOADER = "$(TEST_HOST)";
				CODE_SIGN_STYLE = Automatic;
				CURRENT_PROJECT_VERSION = 1;
				DEVELOPMENT_TEAM = 27ZPL5AFC2;
				GENERATE_INFOPLIST_FILE = YES;
				IPHONEOS_DEPLOYMENT_TARGET = 18.2;
				MARKETING_VERSION = 1.0;
				PRODUCT_BUNDLE_IDENTIFIER = br.com.souza.GitHubRepositoriesTests;
				PRODUCT_NAME = "$(TARGET_NAME)";
				SWIFT_EMIT_LOC_STRINGS = NO;
				SWIFT_VERSION = 5.0;
				TARGETED_DEVICE_FAMILY = "1,2";
				TEST_HOST = "$(BUILT_PRODUCTS_DIR)/GitHubRepositories.app/$(BUNDLE_EXECUTABLE_FOLDER_PATH)/GitHubRepositories";
			};
			name = Debug;
		};
		04BC612D2DCE826C00FB733C /* Release */ = {
			isa = XCBuildConfiguration;
			buildSettings = {
				BUNDLE_LOADER = "$(TEST_HOST)";
				CODE_SIGN_STYLE = Automatic;
				CURRENT_PROJECT_VERSION = 1;
				DEVELOPMENT_TEAM = 27ZPL5AFC2;
				GENERATE_INFOPLIST_FILE = YES;
				IPHONEOS_DEPLOYMENT_TARGET = 18.2;
				MARKETING_VERSION = 1.0;
				PRODUCT_BUNDLE_IDENTIFIER = br.com.souza.GitHubRepositoriesTests;
				PRODUCT_NAME = "$(TARGET_NAME)";
				SWIFT_EMIT_LOC_STRINGS = NO;
				SWIFT_VERSION = 5.0;
				TARGETED_DEVICE_FAMILY = "1,2";
				TEST_HOST = "$(BUILT_PRODUCTS_DIR)/GitHubRepositories.app/$(BUNDLE_EXECUTABLE_FOLDER_PATH)/GitHubRepositories";
			};
			name = Release;
		};
		04BC612F2DCE826C00FB733C /* Debug */ = {
			isa = XCBuildConfiguration;
			buildSettings = {
				CODE_SIGN_STYLE = Automatic;
				CURRENT_PROJECT_VERSION = 1;
				DEVELOPMENT_TEAM = 27ZPL5AFC2;
				GENERATE_INFOPLIST_FILE = YES;
				MARKETING_VERSION = 1.0;
				PRODUCT_BUNDLE_IDENTIFIER = br.com.souza.GitHubRepositoriesUITests;
				PRODUCT_NAME = "$(TARGET_NAME)";
				SWIFT_EMIT_LOC_STRINGS = NO;
				SWIFT_VERSION = 5.0;
				TARGETED_DEVICE_FAMILY = "1,2";
				TEST_TARGET_NAME = GitHubRepositories;
			};
			name = Debug;
		};
		04BC61302DCE826C00FB733C /* Release */ = {
			isa = XCBuildConfiguration;
			buildSettings = {
				CODE_SIGN_STYLE = Automatic;
				CURRENT_PROJECT_VERSION = 1;
				DEVELOPMENT_TEAM = 27ZPL5AFC2;
				GENERATE_INFOPLIST_FILE = YES;
				MARKETING_VERSION = 1.0;
				PRODUCT_BUNDLE_IDENTIFIER = br.com.souza.GitHubRepositoriesUITests;
				PRODUCT_NAME = "$(TARGET_NAME)";
				SWIFT_EMIT_LOC_STRINGS = NO;
				SWIFT_VERSION = 5.0;
				TARGETED_DEVICE_FAMILY = "1,2";
				TEST_TARGET_NAME = GitHubRepositories;
			};
			name = Release;
		};
/* End XCBuildConfiguration section */

/* Begin XCConfigurationList section */
		04BC60F82DCE826700FB733C /* Build configuration list for PBXProject "GitHubRepositories" */ = {
			isa = XCConfigurationList;
			buildConfigurations = (
				04BC61292DCE826C00FB733C /* Debug */,
				04BC612A2DCE826C00FB733C /* Release */,
			);
			defaultConfigurationIsVisible = 0;
			defaultConfigurationName = Release;
		};
		04BC61262DCE826C00FB733C /* Build configuration list for PBXNativeTarget "GitHubRepositories" */ = {
			isa = XCConfigurationList;
			buildConfigurations = (
				04BC61272DCE826C00FB733C /* Debug */,
				04BC61282DCE826C00FB733C /* Release */,
			);
			defaultConfigurationIsVisible = 0;
			defaultConfigurationName = Release;
		};
		04BC612B2DCE826C00FB733C /* Build configuration list for PBXNativeTarget "GitHubRepositoriesTests" */ = {
			isa = XCConfigurationList;
			buildConfigurations = (
				04BC612C2DCE826C00FB733C /* Debug */,
				04BC612D2DCE826C00FB733C /* Release */,
			);
			defaultConfigurationIsVisible = 0;
			defaultConfigurationName = Release;
		};
		04BC612E2DCE826C00FB733C /* Build configuration list for PBXNativeTarget "GitHubRepositoriesUITests" */ = {
			isa = XCConfigurationList;
			buildConfigurations = (
				04BC612F2DCE826C00FB733C /* Debug */,
				04BC61302DCE826C00FB733C /* Release */,
			);
			defaultConfigurationIsVisible = 0;
			defaultConfigurationName = Release;
		};
/* End XCConfigurationList section */
	};
	rootObject = 04BC60F52DCE826700FB733C /* Project object */;
}
